
Microsoft Visual Studio Solution File, Format Version 12.00
# Visual Studio Version 16
VisualStudioVersion = 16.0.30717.126
MinimumVisualStudioVersion = 10.0.40219.1
Project("{FAE04EC0-301F-11D3-BF4B-00C04F79EFBC}") = "WindowsFormsApp1", "WindowsFormsApp1.csproj", "{3ECD2EAB-C482-4ECB-A691-E35A40003458}"
EndProject
Global
	GlobalSection(SolutionConfigurationPlatforms) = preSolution
		Debug|Any CPU = Debug|Any CPU
		Release|Any CPU = Release|Any CPU
	EndGlobalSection
	GlobalSection(ProjectConfigurationPlatforms) = postSolution
		{3ECD2EAB-C482-4ECB-A691-E35A40003458}.Debug|Any CPU.ActiveCfg = Debug|Any CPU
		{3ECD2EAB-C482-4ECB-A691-E35A40003458}.Debug|Any CPU.Build.0 = Debug|Any CPU
		{3ECD2EAB-C482-4ECB-A691-E35A40003458}.Release|Any CPU.ActiveCfg = Release|Any CPU
		{3ECD2EAB-C482-4ECB-A691-E35A40003458}.Release|Any CPU.Build.0 = Release|Any CPU
	EndGlobalSection
	GlobalSection(SolutionProperties) = preSolution
		HideSolutionNode = FALSE
	EndGlobalSection
	GlobalSection(ExtensibilityGlobals) = postSolution
		SolutionGuid = {0486CCED-E22A-4994-BFF8-990F3B58448E}
	EndGlobalSection
EndGlobal
